
Microsoft Visual Studio Solution File, Format Version 12.00
# Visual Studio Version 16
VisualStudioVersion = 16.0.31105.61
MinimumVisualStudioVersion = 10.0.40219.1
Project("{D2ABAB84-BF74-430A-B69E-9DC6D40DDA17}") = "BIProjektAnalysisServices", "BIProjektAnalysisServices\BIProjektAnalysisServices.dwproj", "{7E754BBD-8FB9-41CE-9DEC-A85E6C10BD72}"
EndProject
Global
	GlobalSection(SolutionConfigurationPlatforms) = preSolution
		Development|Default = Development|Default
	EndGlobalSection
	GlobalSection(ProjectConfigurationPlatforms) = postSolution
		{7E754BBD-8FB9-41CE-9DEC-A85E6C10BD72}.Development|Default.ActiveCfg = Development
		{7E754BBD-8FB9-41CE-9DEC-A85E6C10BD72}.Development|Default.Build.0 = Development
		{7E754BBD-8FB9-41CE-9DEC-A85E6C10BD72}.Development|Default.Deploy.0 = Development
	EndGlobalSection
	GlobalSection(SolutionProperties) = preSolution
		HideSolutionNode = FALSE
	EndGlobalSection
	GlobalSection(ExtensibilityGlobals) = postSolution
		SolutionGuid = {72B0C862-4CC6-4EDC-BD16-FD8F14CEB9D6}
	EndGlobalSection
EndGlobal
