
Microsoft Visual Studio Solution File, Format Version 12.00
# Visual Studio Version 16
VisualStudioVersion = 16.0.31019.35
MinimumVisualStudioVersion = 10.0.40219.1
Project("{159641D6-6404-4A2A-AE62-294DE0FE8301}") = "IntegrationServicesBIProject", "IntegrationServicesBIProject\IntegrationServicesBIProject.dtproj", "{812BED21-AEC3-4D86-B240-4D820D96F9F0}"
EndProject
Global
	GlobalSection(SolutionConfigurationPlatforms) = preSolution
		Development|Default = Development|Default
	EndGlobalSection
	GlobalSection(ProjectConfigurationPlatforms) = postSolution
		{812BED21-AEC3-4D86-B240-4D820D96F9F0}.Development|Default.ActiveCfg = Development
		{812BED21-AEC3-4D86-B240-4D820D96F9F0}.Development|Default.Build.0 = Development
	EndGlobalSection
	GlobalSection(SolutionProperties) = preSolution
		HideSolutionNode = FALSE
	EndGlobalSection
	GlobalSection(ExtensibilityGlobals) = postSolution
		SolutionGuid = {F83F644C-A56E-4D17-8E63-F6E2A006019F}
	EndGlobalSection
EndGlobal
